
Microsoft Visual Studio Solution File, Format Version 12.00
# Visual Studio Version 16
VisualStudioVersion = 16.0.29905.134
MinimumVisualStudioVersion = 10.0.40219.1
Project("{9A19103F-16F7-4668-BE54-9A1E7A4F7556}") = "DAL", "DAL\DAL.csproj", "{8FC31F3A-0AEC-4DC2-84D0-E0EA91858602}"
EndProject
Project("{9A19103F-16F7-4668-BE54-9A1E7A4F7556}") = "BLL", "BLL\BLL.csproj", "{9E20F33F-487C-4C1D-AD53-AA5E51406952}"
EndProject
Project("{9A19103F-16F7-4668-BE54-9A1E7A4F7556}") = "Presentation", "Presentation\Presentation.csproj", "{8F61A88B-AD4F-4363-A165-1FDD2EC683ED}"
EndProject
Project("{FAE04EC0-301F-11D3-BF4B-00C04F79EFBC}") = "UnitTests", "UnitTests\UnitTests.csproj", "{4D866557-6BD0-4E4D-B1F6-CADD80400B7C}"
EndProject
Global
	GlobalSection(SolutionConfigurationPlatforms) = preSolution
		Debug|Any CPU = Debug|Any CPU
		Release|Any CPU = Release|Any CPU
	EndGlobalSection
	GlobalSection(ProjectConfigurationPlatforms) = postSolution
		{8FC31F3A-0AEC-4DC2-84D0-E0EA91858602}.Debug|Any CPU.ActiveCfg = Debug|Any CPU
		{8FC31F3A-0AEC-4DC2-84D0-E0EA91858602}.Debug|Any CPU.Build.0 = Debug|Any CPU
		{8FC31F3A-0AEC-4DC2-84D0-E0EA91858602}.Release|Any CPU.ActiveCfg = Release|Any CPU
		{8FC31F3A-0AEC-4DC2-84D0-E0EA91858602}.Release|Any CPU.Build.0 = Release|Any CPU
		{9E20F33F-487C-4C1D-AD53-AA5E51406952}.Debug|Any CPU.ActiveCfg = Debug|Any CPU
		{9E20F33F-487C-4C1D-AD53-AA5E51406952}.Debug|Any CPU.Build.0 = Debug|Any CPU
		{9E20F33F-487C-4C1D-AD53-AA5E51406952}.Release|Any CPU.ActiveCfg = Release|Any CPU
		{9E20F33F-487C-4C1D-AD53-AA5E51406952}.Release|Any CPU.Build.0 = Release|Any CPU
		{8F61A88B-AD4F-4363-A165-1FDD2EC683ED}.Debug|Any CPU.ActiveCfg = Debug|Any CPU
		{8F61A88B-AD4F-4363-A165-1FDD2EC683ED}.Debug|Any CPU.Build.0 = Debug|Any CPU
		{8F61A88B-AD4F-4363-A165-1FDD2EC683ED}.Release|Any CPU.ActiveCfg = Release|Any CPU
		{8F61A88B-AD4F-4363-A165-1FDD2EC683ED}.Release|Any CPU.Build.0 = Release|Any CPU
		{4D866557-6BD0-4E4D-B1F6-CADD80400B7C}.Debug|Any CPU.ActiveCfg = Debug|Any CPU
		{4D866557-6BD0-4E4D-B1F6-CADD80400B7C}.Debug|Any CPU.Build.0 = Debug|Any CPU
		{4D866557-6BD0-4E4D-B1F6-CADD80400B7C}.Release|Any CPU.ActiveCfg = Release|Any CPU
		{4D866557-6BD0-4E4D-B1F6-CADD80400B7C}.Release|Any CPU.Build.0 = Release|Any CPU
	EndGlobalSection
	GlobalSection(SolutionProperties) = preSolution
		HideSolutionNode = FALSE
	EndGlobalSection
	GlobalSection(ExtensibilityGlobals) = postSolution
		SolutionGuid = {D7947A12-3CC4-4CB2-A416-E7D38C992FB9}
	EndGlobalSection
EndGlobal
